dependencies:
- name: nginx-ingress
  repository: https://charts.helm.sh/stable
  version: 1.41.3
- name: nginx-ingress
  repository: https://charts.helm.sh/stable
  version: 1.41.3
digest: sha256:64943fda87bf6457995393ab7a683990f3e4e62cb50fe0bc57b008b06cccefe2
generated: "2021-03-19T16:23:34.6380182+11:00"
